// !$*UTF8*$!
{
	archiveVersion = 1;
	classes = {
	};
	objectVersion = 56;
	objects = {

/* Begin PBXBuildFile section */
		C90217952C29C3470004F1C5 /* QuestionAppApp.swift in Sources */ = {isa = PBXBuildFile; fileRef = C90217942C29C3470004F1C5 /* QuestionAppApp.swift */; };
		C90217972C29C3470004F1C5 /* ContentView.swift in Sources */ = {isa = PBXBuildFile; fileRef = C90217962C29C3470004F1C5 /* ContentView.swift */; };
		C90217992C29C3480004F1C5 /* Assets.xcassets in Resources */ = {isa = PBXBuildFile; fileRef = C90217982C29C3480004F1C5 /* Assets.xcassets */; };
		C902179C2C29C3480004F1C5 /* Preview Assets.xcassets in Resources */ = {isa = PBXBuildFile; fileRef = C902179B2C29C3480004F1C5 /* Preview Assets.xcassets */; };
		C90217A62C29C3480004F1C5 /* QuestionAppTests.swift in Sources */ = {isa = PBXBuildFile; fileRef = C90217A52C29C3480004F1C5 /* QuestionAppTests.swift */; };
		C90217B02C29C3480004F1C5 /* QuestionAppUITests.swift in Sources */ = {isa = PBXBuildFile; fileRef = C90217AF2C29C3480004F1C5 /* QuestionAppUITests.swift */; };
		C90217B22C29C3480004F1C5 /* QuestionAppUITestsLaunchTests.swift in Sources */ = {isa = PBXBuildFile; fileRef = C90217B12C29C3480004F1C5 /* QuestionAppUITestsLaunchTests.swift */; };
		C9C96C202C2B95C000D1565C /* FirstQuestion.swift in Sources */ = {isa = PBXBuildFile; fileRef = C9C96C1F2C2B95C000D1565C /* FirstQuestion.swift */; };
		C9C96C222C2B9D6000D1565C /* SecondQuestion.swift in Sources */ = {isa = PBXBuildFile; fileRef = C9C96C212C2B9D6000D1565C /* SecondQuestion.swift */; };
		C9C96C242C2BB56600D1565C /* ThirdQuestion.swift in Sources */ = {isa = PBXBuildFile; fileRef = C9C96C232C2BB56600D1565C /* ThirdQuestion.swift */; };
		C9C96C262C2BB95F00D1565C /* FourthQuestion.swift in Sources */ = {isa = PBXBuildFile; fileRef = C9C96C252C2BB95F00D1565C /* FourthQuestion.swift */; };
		C9C96C282C2BB9AD00D1565C /* FifthQuestion.swift in Sources */ = {isa = PBXBuildFile; fileRef = C9C96C272C2BB9AD00D1565C /* FifthQuestion.swift */; };
/* End PBXBuildFile section */

/* Begin PBXContainerItemProxy section */
		C90217A22C29C3480004F1C5 /* PBXContainerItemProxy */ = {
			isa = PBXContainerItemProxy;
			containerPortal = C90217892C29C3470004F1C5 /* Project object */;
			proxyType = 1;
			remoteGlobalIDString = C90217902C29C3470004F1C5;
			remoteInfo = QuestionApp;
		};
		C90217AC2C29C3480004F1C5 /* PBXContainerItemProxy */ = {
			isa = PBXContainerItemProxy;
			containerPortal = C90217892C29C3470004F1C5 /* Project object */;
			proxyType = 1;
			remoteGlobalIDString = C90217902C29C3470004F1C5;
			remoteInfo = QuestionApp;
		};
/* End PBXContainerItemProxy section */

/* Begin PBXFileReference section */
		C90217912C29C3470004F1C5 /* QuestionApp.app */ = {isa = PBXFileReference; explicitFileType = wrapper.application; includeInIndex = 0; path = QuestionApp.app; sourceTree = BUILT_PRODUCTS_DIR; };
		C90217942C29C3470004F1C5 /* QuestionAppApp.swift */ = {isa = PBXFileReference; lastKnownFileType = sourcecode.swift; path = QuestionAppApp.swift; sourceTree = "<group>"; };
		C90217962C29C3470004F1C5 /* ContentView.swift */ = {isa = PBXFileReference; lastKnownFileType = sourcecode.swift; path = ContentView.swift; sourceTree = "<group>"; };
		C90217982C29C3480004F1C5 /* Assets.xcassets */ = {isa = PBXFileReference; lastKnownFileType = folder.assetcatalog; path = Assets.xcassets; sourceTree = "<group>"; };
		C902179B2C29C3480004F1C5 /* Preview Assets.xcassets */ = {isa = PBXFileReference; lastKnownFileType = folder.assetcatalog; path = "Preview Assets.xcassets"; sourceTree = "<group>"; };
		C90217A12C29C3480004F1C5 /* QuestionAppTests.xctest */ = {isa = PBXFileReference; explicitFileType = wrapper.cfbundle; includeInIndex = 0; path = QuestionAppTests.xctest; sourceTree = BUILT_PRODUCTS_DIR; };
		C90217A52C29C3480004F1C5 /* QuestionAppTests.swift */ = {isa = PBXFileReference; lastKnownFileType = sourcecode.swift; path = QuestionAppTests.swift; sourceTree = "<group>"; };
		C90217AB2C29C3480004F1C5 /* QuestionAppUITests.xctest */ = {isa = PBXFileReference; explicitFileType = wrapper.cfbundle; includeInIndex = 0; path = QuestionAppUITests.xctest; sourceTree = BUILT_PRODUCTS_DIR; };
		C90217AF2C29C3480004F1C5 /* QuestionAppUITests.swift */ = {isa = PBXFileReference; lastKnownFileType = sourcecode.swift; path = QuestionAppUITests.swift; sourceTree = "<group>"; };
		C90217B12C29C3480004F1C5 /* QuestionAppUITestsLaunchTests.swift */ = {isa = PBXFileReference; lastKnownFileType = sourcecode.swift; path = QuestionAppUITestsLaunchTests.swift; sourceTree = "<group>"; };
		C9C96C1F2C2B95C000D1565C /* FirstQuestion.swift */ = {isa = PBXFileReference; lastKnownFileType = sourcecode.swift; path = FirstQuestion.swift; sourceTree = "<group>"; };
		C9C96C212C2B9D6000D1565C /* SecondQuestion.swift */ = {isa = PBXFileReference; lastKnownFileType = sourcecode.swift; path = SecondQuestion.swift; sourceTree = "<group>"; };
		C9C96C232C2BB56600D1565C /* ThirdQuestion.swift */ = {isa = PBXFileReference; lastKnownFileType = sourcecode.swift; path = ThirdQuestion.swift; sourceTree = "<group>"; };
		C9C96C252C2BB95F00D1565C /* FourthQuestion.swift */ = {isa = PBXFileReference; lastKnownFileType = sourcecode.swift; path = FourthQuestion.swift; sourceTree = "<group>"; };
		C9C96C272C2BB9AD00D1565C /* FifthQuestion.swift */ = {isa = PBXFileReference; lastKnownFileType = sourcecode.swift; path = FifthQuestion.swift; sourceTree = "<group>"; };
/* End PBXFileReference section */

/* Begin PBXFrameworksBuildPhase section */
		C902178E2C29C3470004F1C5 /* Frameworks */ = {
			isa = PBXFrameworksBuildPhase;
			buildActionMask = 2147483647;
			files = (
			);
			runOnlyForDeploymentPostprocessing = 0;
		};
		C902179E2C29C3480004F1C5 /* Frameworks */ = {
			isa = PBXFrameworksBuildPhase;
			buildActionMask = 2147483647;
			files = (
			);
			runOnlyForDeploymentPostprocessing = 0;
		};
		C90217A82C29C3480004F1C5 /* Frameworks */ = {
			isa = PBXFrameworksBuildPhase;
			buildActionMask = 2147483647;
			files = (
			);
			runOnlyForDeploymentPostprocessing = 0;
		};
/* End PBXFrameworksBuildPhase section */

/* Begin PBXGroup section */
		C90217882C29C3470004F1C5 = {
			isa = PBXGroup;
			children = (
				C90217932C29C3470004F1C5 /* QuestionApp */,
				C90217A42C29C3480004F1C5 /* QuestionAppTests */,
				C90217AE2C29C3480004F1C5 /* QuestionAppUITests */,
				C90217922C29C3470004F1C5 /* Products */,
			);
			sourceTree = "<group>";
		};
		C90217922C29C3470004F1C5 /* Products */ = {
			isa = PBXGroup;
			children = (
				C90217912C29C3470004F1C5 /* QuestionApp.app */,
				C90217A12C29C3480004F1C5 /* QuestionAppTests.xctest */,
				C90217AB2C29C3480004F1C5 /* QuestionAppUITests.xctest */,
			);
			name = Products;
			sourceTree = "<group>";
		};
		C90217932C29C3470004F1C5 /* QuestionApp */ = {
			isa = PBXGroup;
			children = (
				C90217942C29C3470004F1C5 /* QuestionAppApp.swift */,
				C90217962C29C3470004F1C5 /* ContentView.swift */,
				C9C96C1F2C2B95C000D1565C /* FirstQuestion.swift */,
				C9C96C212C2B9D6000D1565C /* SecondQuestion.swift */,
				C9C96C232C2BB56600D1565C /* ThirdQuestion.swift */,
				C9C96C252C2BB95F00D1565C /* FourthQuestion.swift */,
				C9C96C272C2BB9AD00D1565C /* FifthQuestion.swift */,
				C90217982C29C3480004F1C5 /* Assets.xcassets */,
				C902179A2C29C3480004F1C5 /* Preview Content */,
			);
			path = QuestionApp;
			sourceTree = "<group>";
		};
		C902179A2C29C3480004F1C5 /* Preview Content */ = {
			isa = PBXGroup;
			children = (
				C902179B2C29C3480004F1C5 /* Preview Assets.xcassets */,
			);
			path = "Preview Content";
			sourceTree = "<group>";
		};
		C90217A42C29C3480004F1C5 /* QuestionAppTests */ = {
			isa = PBXGroup;
			children = (
				C90217A52C29C3480004F1C5 /* QuestionAppTests.swift */,
			);
			path = QuestionAppTests;
			sourceTree = "<group>";
		};
		C90217AE2C29C3480004F1C5 /* QuestionAppUITests */ = {
			isa = PBXGroup;
			children = (
				C90217AF2C29C3480004F1C5 /* QuestionAppUITests.swift */,
				C90217B12C29C3480004F1C5 /* QuestionAppUITestsLaunchTests.swift */,
			);
			path = QuestionAppUITests;
			sourceTree = "<group>";
		};
/* End PBXGroup section */

/* Begin PBXNativeTarget section */
		C90217902C29C3470004F1C5 /* QuestionApp */ = {
			isa = PBXNativeTarget;
			buildConfigurationList = C90217B52C29C3480004F1C5 /* Build configuration list for PBXNativeTarget "QuestionApp" */;
			buildPhases = (
				C902178D2C29C3470004F1C5 /* Sources */,
				C902178E2C29C3470004F1C5 /* Frameworks */,
				C902178F2C29C3470004F1C5 /* Resources */,
			);
			buildRules = (
			);
			dependencies = (
			);
			name = QuestionApp;
			productName = QuestionApp;
			productReference = C90217912C29C3470004F1C5 /* QuestionApp.app */;
			productType = "com.apple.product-type.application";
		};
		C90217A02C29C3480004F1C5 /* QuestionAppTests */ = {
			isa = PBXNativeTarget;
			buildConfigurationList = C90217B82C29C3480004F1C5 /* Build configuration list for PBXNativeTarget "QuestionAppTests" */;
			buildPhases = (
				C902179D2C29C3480004F1C5 /* Sources */,
				C902179E2C29C3480004F1C5 /* Frameworks */,
				C902179F2C29C3480004F1C5 /* Resources */,
			);
			buildRules = (
			);
			dependencies = (
				C90217A32C29C3480004F1C5 /* PBXTargetDependency */,
			);
			name = QuestionAppTests;
			productName = QuestionAppTests;
			productReference = C90217A12C29C3480004F1C5 /* QuestionAppTests.xctest */;
			productType = "com.apple.product-type.bundle.unit-test";
		};
		C90217AA2C29C3480004F1C5 /* QuestionAppUITests */ = {
			isa = PBXNativeTarget;
			buildConfigurationList = C90217BB2C29C3480004F1C5 /* Build configuration list for PBXNativeTarget "QuestionAppUITests" */;
			buildPhases = (
				C90217A72C29C3480004F1C5 /* Sources */,
				C90217A82C29C3480004F1C5 /* Frameworks */,
				C90217A92C29C3480004F1C5 /* Resources */,
			);
			buildRules = (
			);
			dependencies = (
				C90217AD2C29C3480004F1C5 /* PBXTargetDependency */,
			);
			name = QuestionAppUITests;
			productName = QuestionAppUITests;
			productReference = C90217AB2C29C3480004F1C5 /* QuestionAppUITests.xctest */;
			productType = "com.apple.product-type.bundle.ui-testing";
		};
/* End PBXNativeTarget section */

/* Begin PBXProject section */
		C90217892C29C3470004F1C5 /* Project object */ = {
			isa = PBXProject;
			attributes = {
				BuildIndependentTargetsInParallel = 1;
				LastSwiftUpdateCheck = 1540;
				LastUpgradeCheck = 1540;
				TargetAttributes = {
					C90217902C29C3470004F1C5 = {
						CreatedOnToolsVersion = 15.4;
					};
					C90217A02C29C3480004F1C5 = {
						CreatedOnToolsVersion = 15.4;
						TestTargetID = C90217902C29C3470004F1C5;
					};
					C90217AA2C29C3480004F1C5 = {
						CreatedOnToolsVersion = 15.4;
						TestTargetID = C90217902C29C3470004F1C5;
					};
				};
			};
			buildConfigurationList = C902178C2C29C3470004F1C5 /* Build configuration list for PBXProject "QuestionApp" */;
			compatibilityVersion = "Xcode 14.0";
			developmentRegion = en;
			hasScannedForEncodings = 0;
			knownRegions = (
				en,
				Base,
			);
			mainGroup = C90217882C29C3470004F1C5;
			productRefGroup = C90217922C29C3470004F1C5 /* Products */;
			projectDirPath = "";
			projectRoot = "";
			targets = (
				C90217902C29C3470004F1C5 /* QuestionApp */,
				C90217A02C29C3480004F1C5 /* QuestionAppTests */,
				C90217AA2C29C3480004F1C5 /* QuestionAppUITests */,
			);
		};
/* End PBXProject section */

/* Begin PBXResourcesBuildPhase section */
		C902178F2C29C3470004F1C5 /* Resources */ = {
			isa = PBXResourcesBuildPhase;
			buildActionMask = 2147483647;
			files = (
				C902179C2C29C3480004F1C5 /* Preview Assets.xcassets in Resources */,
				C90217992C29C3480004F1C5 /* Assets.xcassets in Resources */,
			);
			runOnlyForDeploymentPostprocessing = 0;
		};
		C902179F2C29C3480004F1C5 /* Resources */ = {
			isa = PBXResourcesBuildPhase;
			buildActionMask = 2147483647;
			files = (
			);
			runOnlyForDeploymentPostprocessing = 0;
		};
		C90217A92C29C3480004F1C5 /* Resources */ = {
			isa = PBXResourcesBuildPhase;
			buildActionMask = 2147483647;
			files = (
			);
			runOnlyForDeploymentPostprocessing = 0;
		};
/* End PBXResourcesBuildPhase section */

/* Begin PBXSourcesBuildPhase section */
		C902178D2C29C3470004F1C5 /* Sources */ = {
			isa = PBXSourcesBuildPhase;
			buildActionMask = 2147483647;
			files = (
				C9C96C202C2B95C000D1565C /* FirstQuestion.swift in Sources */,
				C90217972C29C3470004F1C5 /* ContentView.swift in Sources */,
				C9C96C242C2BB56600D1565C /* ThirdQuestion.swift in Sources */,
				C9C96C262C2BB95F00D1565C /* FourthQuestion.swift in Sources */,
				C90217952C29C3470004F1C5 /* QuestionAppApp.swift in Sources */,
				C9C96C222C2B9D6000D1565C /* SecondQuestion.swift in Sources */,
				C9C96C282C2BB9AD00D1565C /* FifthQuestion.swift in Sources */,
			);
			runOnlyForDeploymentPostprocessing = 0;
		};
		C902179D2C29C3480004F1C5 /* Sources */ = {
			isa = PBXSourcesBuildPhase;
			buildActionMask = 2147483647;
			files = (
				C90217A62C29C3480004F1C5 /* QuestionAppTests.swift in Sources */,
			);
			runOnlyForDeploymentPostprocessing = 0;
		};
		C90217A72C29C3480004F1C5 /* Sources */ = {
			isa = PBXSourcesBuildPhase;
			buildActionMask = 2147483647;
			files = (
				C90217B22C29C3480004F1C5 /* QuestionAppUITestsLaunchTests.swift in Sources */,
				C90217B02C29C3480004F1C5 /* QuestionAppUITests.swift in Sources */,
			);
			runOnlyForDeploymentPostprocessing = 0;
		};
/* End PBXSourcesBuildPhase section */

/* Begin PBXTargetDependency section */
		C90217A32C29C3480004F1C5 /* PBXTargetDependency */ = {
			isa = PBXTargetDependency;
			target = C90217902C29C3470004F1C5 /* QuestionApp */;
			targetProxy = C90217A22C29C3480004F1C5 /* PBXContainerItemProxy */;
		};
		C90217AD2C29C3480004F1C5 /* PBXTargetDependency */ = {
			isa = PBXTargetDependency;
			target = C90217902C29C3470004F1C5 /* QuestionApp */;
			targetProxy = C90217AC2C29C3480004F1C5 /* PBXContainerItemProxy */;
		};
/* End PBXTargetDependency section */

/* Begin XCBuildConfiguration section */
		C90217B32C29C3480004F1C5 /* Debug */ = {
			isa = XCBuildConfiguration;
			buildSettings = {
				ALWAYS_SEARCH_USER_PATHS = NO;
				ASSETCATALOG_COMPILER_GENERATE_SWIFT_ASSET_SYMBOL_EXTENSIONS = YES;
				CLANG_ANALYZER_NONNULL = YES;
				CLANG_ANALYZER_NUMBER_OBJECT_CONVERSION = YES_AGGRESSIVE;
				CLANG_CXX_LANGUAGE_STANDARD = "gnu++20";
				CLANG_ENABLE_MODULES = YES;
				CLANG_ENABLE_OBJC_ARC = YES;
				CLANG_ENABLE_OBJC_WEAK = YES;
				CLANG_WARN_BLOCK_CAPTURE_AUTORELEASING = YES;
				CLANG_WARN_BOOL_CONVERSION = YES;
				CLANG_WARN_COMMA = YES;
				CLANG_WARN_CONSTANT_CONVERSION = YES;
				CLANG_WARN_DEPRECATED_OBJC_IMPLEMENTATIONS = YES;
				CLANG_WARN_DIRECT_OBJC_ISA_USAGE = YES_ERROR;
				CLANG_WARN_DOCUMENTATION_COMMENTS = YES;
				CLANG_WARN_EMPTY_BODY = YES;
				CLANG_WARN_ENUM_CONVERSION = YES;
				CLANG_WARN_INFINITE_RECURSION = YES;
				CLANG_WARN_INT_CONVERSION = YES;
				CLANG_WARN_NON_LITERAL_NULL_CONVERSION = YES;
				CLANG_WARN_OBJC_IMPLICIT_RETAIN_SELF = YES;
				CLANG_WARN_OBJC_LITERAL_CONVERSION = YES;
				CLANG_WARN_OBJC_ROOT_CLASS = YES_ERROR;
				CLANG_WARN_QUOTED_INCLUDE_IN_FRAMEWORK_HEADER = YES;
				CLANG_WARN_RANGE_LOOP_ANALYSIS = YES;
				CLANG_WARN_STRICT_PROTOTYPES = YES;
				CLANG_WARN_SUSPICIOUS_MOVE = YES;
				CLANG_WARN_UNGUARDED_AVAILABILITY = YES_AGGRESSIVE;
				CLANG_WARN_UNREACHABLE_CODE = YES;
				CLANG_WARN__DUPLICATE_METHOD_MATCH = YES;
				COPY_PHASE_STRIP = NO;
				DEBUG_INFORMATION_FORMAT = dwarf;
				ENABLE_STRICT_OBJC_MSGSEND = YES;
				ENABLE_TESTABILITY = YES;
				ENABLE_USER_SCRIPT_SANDBOXING = YES;
				GCC_C_LANGUAGE_STANDARD = gnu17;
				GCC_DYNAMIC_NO_PIC = NO;
				GCC_NO_COMMON_BLOCKS = YES;
				GCC_OPTIMIZATION_LEVEL = 0;
				GCC_PREPROCESSOR_DEFINITIONS = (
					"DEBUG=1",
					"$(inherited)",
				);
				GCC_WARN_64_TO_32_BIT_CONVERSION = YES;
				GCC_WARN_ABOUT_RETURN_TYPE = YES_ERROR;
				GCC_WARN_UNDECLARED_SELECTOR = YES;
				GCC_WARN_UNINITIALIZED_AUTOS = YES_AGGRESSIVE;
				GCC_WARN_UNUSED_FUNCTION = YES;
				GCC_WARN_UNUSED_VARIABLE = YES;
				IPHONEOS_DEPLOYMENT_TARGET = 17.5;
				LOCALIZATION_PREFERS_STRING_CATALOGS = YES;
				MTL_ENABLE_DEBUG_INFO = INCLUDE_SOURCE;
				MTL_FAST_MATH = YES;
				ONLY_ACTIVE_ARCH = YES;
				SDKROOT = iphoneos;
				SWIFT_ACTIVE_COMPILATION_CONDITIONS = "DEBUG $(inherited)";
				SWIFT_OPTIMIZATION_LEVEL = "-Onone";
			};
			name = Debug;
		};
		C90217B42C29C3480004F1C5 /* Release */ = {
			isa = XCBuildConfiguration;
			buildSettings = {
				ALWAYS_SEARCH_USER_PATHS = NO;
				ASSETCATALOG_COMPILER_GENERATE_SWIFT_ASSET_SYMBOL_EXTENSIONS = YES;
				CLANG_ANALYZER_NONNULL = YES;
				CLANG_ANALYZER_NUMBER_OBJECT_CONVERSION = YES_AGGRESSIVE;
				CLANG_CXX_LANGUAGE_STANDARD = "gnu++20";
				CLANG_ENABLE_MODULES = YES;
				CLANG_ENABLE_OBJC_ARC = YES;
				CLANG_ENABLE_OBJC_WEAK = YES;
				CLANG_WARN_BLOCK_CAPTURE_AUTORELEASING = YES;
				CLANG_WARN_BOOL_CONVERSION = YES;
				CLANG_WARN_COMMA = YES;
				CLANG_WARN_CONSTANT_CONVERSION = YES;
				CLANG_WARN_DEPRECATED_OBJC_IMPLEMENTATIONS = YES;
				CLANG_WARN_DIRECT_OBJC_ISA_USAGE = YES_ERROR;
				CLANG_WARN_DOCUMENTATION_COMMENTS = YES;
				CLANG_WARN_EMPTY_BODY = YES;
				CLANG_WARN_ENUM_CONVERSION = YES;
				CLANG_WARN_INFINITE_RECURSION = YES;
				CLANG_WARN_INT_CONVERSION = YES;
				CLANG_WARN_NON_LITERAL_NULL_CONVERSION = YES;
				CLANG_WARN_OBJC_IMPLICIT_RETAIN_SELF = YES;
				CLANG_WARN_OBJC_LITERAL_CONVERSION = YES;
				CLANG_WARN_OBJC_ROOT_CLASS = YES_ERROR;
				CLANG_WARN_QUOTED_INCLUDE_IN_FRAMEWORK_HEADER = YES;
				CLANG_WARN_RANGE_LOOP_ANALYSIS = YES;
				CLANG_WARN_STRICT_PROTOTYPES = YES;
				CLANG_WARN_SUSPICIOUS_MOVE = YES;
				CLANG_WARN_UNGUARDED_AVAILABILITY = YES_AGGRESSIVE;
				CLANG_WARN_UNREACHABLE_CODE = YES;
				CLANG_WARN__DUPLICATE_METHOD_MATCH = YES;
				COPY_PHASE_STRIP = NO;
				DEBUG_INFORMATION_FORMAT = "dwarf-with-dsym";
				ENABLE_NS_ASSERTIONS = NO;
				ENABLE_STRICT_OBJC_MSGSEND = YES;
				ENABLE_USER_SCRIPT_SANDBOXING = YES;
				GCC_C_LANGUAGE_STANDARD = gnu17;
				GCC_NO_COMMON_BLOCKS = YES;
				GCC_WARN_64_TO_32_BIT_CONVERSION = YES;
				GCC_WARN_ABOUT_RETURN_TYPE = YES_ERROR;
				GCC_WARN_UNDECLARED_SELECTOR = YES;
				GCC_WARN_UNINITIALIZED_AUTOS = YES_AGGRESSIVE;
				GCC_WARN_UNUSED_FUNCTION = YES;
				GCC_WARN_UNUSED_VARIABLE = YES;
				IPHONEOS_DEPLOYMENT_TARGET = 17.5;
				LOCALIZATION_PREFERS_STRING_CATALOGS = YES;
				MTL_ENABLE_DEBUG_INFO = NO;
				MTL_FAST_MATH = YES;
				SDKROOT = iphoneos;
				SWIFT_COMPILATION_MODE = wholemodule;
				VALIDATE_PRODUCT = YES;
			};
			name = Release;
		};
		C90217B62C29C3480004F1C5 /* Debug */ = {
			isa = XCBuildConfiguration;
			buildSettings = {
				ASSETCATALOG_COMPILER_APPICON_NAME = AppIcon;
				ASSETCATALOG_COMPILER_GLOBAL_ACCENT_COLOR_NAME = AccentColor;
				CODE_SIGN_STYLE = Automatic;
				CURRENT_PROJECT_VERSION = 1;
				DEVELOPMENT_ASSET_PATHS = "\"QuestionApp/Preview Content\"";
				ENABLE_PREVIEWS = YES;
				GENERATE_INFOPLIST_FILE = YES;
				INFOPLIST_KEY_UIApplicationSceneManifest_Generation = YES;
				INFOPLIST_KEY_UIApplicationSupportsIndirectInputEvents = YES;
				INFOPLIST_KEY_UILaunchScreen_Generation = YES;
				INFOPLIST_KEY_UISupportedInterfaceOrientations_iPad = "UIInterfaceOrientationPortrait UIInterfaceOrientationPortraitUpsideDown UIInterfaceOrientationLandscapeLeft UIInterfaceOrientationLandscapeRight";
				INFOPLIST_KEY_UISupportedInterfaceOrientations_iPhone = "UIInterfaceOrientationPortrait UIInterfaceOrientationLandscapeLeft UIInterfaceOrientationLandscapeRight";
				LD_RUNPATH_SEARCH_PATHS = (
					"$(inherited)",
					"@executable_path/Frameworks",
				);
				MARKETING_VERSION = 1.0;
				PRODUCT_BUNDLE_IDENTIFIER = kwk.QuestionApp;
				PRODUCT_NAME = "$(TARGET_NAME)";
				SWIFT_EMIT_LOC_STRINGS = YES;
				SWIFT_VERSION = 5.0;
				TARGETED_DEVICE_FAMILY = "1,2";
			};
			name = Debug;
		};
		C90217B72C29C3480004F1C5 /* Release */ = {
			isa = XCBuildConfiguration;
			buildSettings = {
				ASSETCATALOG_COMPILER_APPICON_NAME = AppIcon;
				ASSETCATALOG_COMPILER_GLOBAL_ACCENT_COLOR_NAME = AccentColor;
				CODE_SIGN_STYLE = Automatic;
				CURRENT_PROJECT_VERSION = 1;
				DEVELOPMENT_ASSET_PATHS = "\"QuestionApp/Preview Content\"";
				ENABLE_PREVIEWS = YES;
				GENERATE_INFOPLIST_FILE = YES;
				INFOPLIST_KEY_UIApplicationSceneManifest_Generation = YES;
				INFOPLIST_KEY_UIApplicationSupportsIndirectInputEvents = YES;
				INFOPLIST_KEY_UILaunchScreen_Generation = YES;
				INFOPLIST_KEY_UISupportedInterfaceOrientations_iPad = "UIInterfaceOrientationPortrait UIInterfaceOrientationPortraitUpsideDown UIInterfaceOrientationLandscapeLeft UIInterfaceOrientationLandscapeRight";
				INFOPLIST_KEY_UISupportedInterfaceOrientations_iPhone = "UIInterfaceOrientationPortrait UIInterfaceOrientationLandscapeLeft UIInterfaceOrientationLandscapeRight";
				LD_RUNPATH_SEARCH_PATHS = (
					"$(inherited)",
					"@executable_path/Frameworks",
				);
				MARKETING_VERSION = 1.0;
				PRODUCT_BUNDLE_IDENTIFIER = kwk.QuestionApp;
				PRODUCT_NAME = "$(TARGET_NAME)";
				SWIFT_EMIT_LOC_STRINGS = YES;
				SWIFT_VERSION = 5.0;
				TARGETED_DEVICE_FAMILY = "1,2";
			};
			name = Release;
		};
		C90217B92C29C3480004F1C5 /* Debug */ = {
			isa = XCBuildConfiguration;
			buildSettings = {
				ALWAYS_EMBED_SWIFT_STANDARD_LIBRARIES = YES;
				BUNDLE_LOADER = "$(TEST_HOST)";
				CODE_SIGN_STYLE = Automatic;
				CURRENT_PROJECT_VERSION = 1;
				GENERATE_INFOPLIST_FILE = YES;
				IPHONEOS_DEPLOYMENT_TARGET = 17.5;
				MARKETING_VERSION = 1.0;
				PRODUCT_BUNDLE_IDENTIFIER = kwk.QuestionAppTests;
				PRODUCT_NAME = "$(TARGET_NAME)";
				SWIFT_EMIT_LOC_STRINGS = NO;
				SWIFT_VERSION = 5.0;
				TARGETED_DEVICE_FAMILY = "1,2";
				TEST_HOST = "$(BUILT_PRODUCTS_DIR)/QuestionApp.app/$(BUNDLE_EXECUTABLE_FOLDER_PATH)/QuestionApp";
			};
			name = Debug;
		};
		C90217BA2C29C3480004F1C5 /* Release */ = {
			isa = XCBuildConfiguration;
			buildSettings = {
				ALWAYS_EMBED_SWIFT_STANDARD_LIBRARIES = YES;
				BUNDLE_LOADER = "$(TEST_HOST)";
				CODE_SIGN_STYLE = Automatic;
				CURRENT_PROJECT_VERSION = 1;
				GENERATE_INFOPLIST_FILE = YES;
				IPHONEOS_DEPLOYMENT_TARGET = 17.5;
				MARKETING_VERSION = 1.0;
				PRODUCT_BUNDLE_IDENTIFIER = kwk.QuestionAppTests;
				PRODUCT_NAME = "$(TARGET_NAME)";
				SWIFT_EMIT_LOC_STRINGS = NO;
				SWIFT_VERSION = 5.0;
				TARGETED_DEVICE_FAMILY = "1,2";
				TEST_HOST = "$(BUILT_PRODUCTS_DIR)/QuestionApp.app/$(BUNDLE_EXECUTABLE_FOLDER_PATH)/QuestionApp";
			};
			name = Release;
		};
		C90217BC2C29C3480004F1C5 /* Debug */ = {
			isa = XCBuildConfiguration;
			buildSettings = {
				ALWAYS_EMBED_SWIFT_STANDARD_LIBRARIES = YES;
				CODE_SIGN_STYLE = Automatic;
				CURRENT_PROJECT_VERSION = 1;
				GENERATE_INFOPLIST_FILE = YES;
				MARKETING_VERSION = 1.0;
				PRODUCT_BUNDLE_IDENTIFIER = kwk.QuestionAppUITests;
				PRODUCT_NAME = "$(TARGET_NAME)";
				SWIFT_EMIT_LOC_STRINGS = NO;
				SWIFT_VERSION = 5.0;
				TARGETED_DEVICE_FAMILY = "1,2";
				TEST_TARGET_NAME = QuestionApp;
			};
			name = Debug;
		};
		C90217BD2C29C3480004F1C5 /* Release */ = {
			isa = XCBuildConfiguration;
			buildSettings = {
				ALWAYS_EMBED_SWIFT_STANDARD_LIBRARIES = YES;
				CODE_SIGN_STYLE = Automatic;
				CURRENT_PROJECT_VERSION = 1;
				GENERATE_INFOPLIST_FILE = YES;
				MARKETING_VERSION = 1.0;
				PRODUCT_BUNDLE_IDENTIFIER = kwk.QuestionAppUITests;
				PRODUCT_NAME = "$(TARGET_NAME)";
				SWIFT_EMIT_LOC_STRINGS = NO;
				SWIFT_VERSION = 5.0;
				TARGETED_DEVICE_FAMILY = "1,2";
				TEST_TARGET_NAME = QuestionApp;
			};
			name = Release;
		};
/* End XCBuildConfiguration section */

/* Begin XCConfigurationList section */
		C902178C2C29C3470004F1C5 /* Build configuration list for PBXProject "QuestionApp" */ = {
			isa = XCConfigurationList;
			buildConfigurations = (
				C90217B32C29C3480004F1C5 /* Debug */,
				C90217B42C29C3480004F1C5 /* Release */,
			);
			defaultConfigurationIsVisible = 0;
			defaultConfigurationName = Release;
		};
		C90217B52C29C3480004F1C5 /* Build configuration list for PBXNativeTarget "QuestionApp" */ = {
			isa = XCConfigurationList;
			buildConfigurations = (
				C90217B62C29C3480004F1C5 /* Debug */,
				C90217B72C29C3480004F1C5 /* Release */,
			);
			defaultConfigurationIsVisible = 0;
			defaultConfigurationName = Release;
		};
		C90217B82C29C3480004F1C5 /* Build configuration list for PBXNativeTarget "QuestionAppTests" */ = {
			isa = XCConfigurationList;
			buildConfigurations = (
				C90217B92C29C3480004F1C5 /* Debug */,
				C90217BA2C29C3480004F1C5 /* Release */,
			);
			defaultConfigurationIsVisible = 0;
			defaultConfigurationName = Release;
		};
		C90217BB2C29C3480004F1C5 /* Build configuration list for PBXNativeTarget "QuestionAppUITests" */ = {
			isa = XCConfigurationList;
			buildConfigurations = (
				C90217BC2C29C3480004F1C5 /* Debug */,
				C90217BD2C29C3480004F1C5 /* Release */,
			);
			defaultConfigurationIsVisible = 0;
			defaultConfigurationName = Release;
		};
/* End XCConfigurationList section */
	};
	rootObject = C90217892C29C3470004F1C5 /* Project object */;
}
